schema: '2.0'
stages:
  make_dataset:
    cmd: python .\src\data\make_dataset.py .\data\raw\resume.csv  .\data\processed  .\make_data_logfile.log  .\data\nltk  .\params.yaml
  train_model:
    cmd: python .\src\models\train_model.py .\data\processed\ .\params.yaml .\models
      .\train_logfile.log
  evaluate_model:
    cmd: python .\src\evaluate\evaluate.py  .\data\processed\  .\models\  .\params.yaml  .\evaluate_log.log
  app:
    cmd: streamlit run main.py .\src\evaluate\evaluate_log.log
    deps:
    - path: .\src\evaluate\evaluate.py
      hash: md5
      md5: 3925f0ccd0efc4e792001c8d0fd28c03
      size: 5978
